
Microsoft Visual Studio Solution File, Format Version 12.00
# Visual Studio 15
VisualStudioVersion = 15.0.28010.2041
MinimumVisualStudioVersion = 10.0.40219.1
Project("{FAE04EC0-301F-11D3-BF4B-00C04F79EFBC}") = "WebApplication3", "WebApplication3\WebApplication3.csproj", "{64EC00F2-3C5E-4B1E-B4A3-DD36AA76EA46}"
EndProject
Global
	GlobalSection(SolutionConfigurationPlatforms) = preSolution
		Debug|Any CPU = Debug|Any CPU
		Release|Any CPU = Release|Any CPU
	EndGlobalSection
	GlobalSection(ProjectConfigurationPlatforms) = postSolution
		{64EC00F2-3C5E-4B1E-B4A3-DD36AA76EA46}.Debug|Any CPU.ActiveCfg = Debug|Any CPU
		{64EC00F2-3C5E-4B1E-B4A3-DD36AA76EA46}.Debug|Any CPU.Build.0 = Debug|Any CPU
		{64EC00F2-3C5E-4B1E-B4A3-DD36AA76EA46}.Release|Any CPU.ActiveCfg = Release|Any CPU
		{64EC00F2-3C5E-4B1E-B4A3-DD36AA76EA46}.Release|Any CPU.Build.0 = Release|Any CPU
	EndGlobalSection
	GlobalSection(SolutionProperties) = preSolution
		HideSolutionNode = FALSE
	EndGlobalSection
	GlobalSection(ExtensibilityGlobals) = postSolution
		SolutionGuid = {9E26109D-3422-4519-A6E3-C9EE30E60643}
	EndGlobalSection
EndGlobal
